// !$*UTF8*$!
{
	archiveVersion = 1;
	classes = {
	};
	objectVersion = 51;
	objects = {

/* Begin PBXBuildFile section */
		2582A00004C68D12BC665669 /* Pods_GitHubAPI_GitHubAPIUITests.framework in Frameworks */ = {isa = PBXBuildFile; fileRef = 9164DE4567C6D63A03AA5DF7 /* Pods_GitHubAPI_GitHubAPIUITests.framework */; };
		3005D29224ED3E9400882126 /* ServerCommunication.swift in Sources */ = {isa = PBXBuildFile; fileRef = 3005D29124ED3E9400882126 /* ServerCommunication.swift */; };
		30233B8824ED01C600974414 /* UserDetailsViewController.swift in Sources */ = {isa = PBXBuildFile; fileRef = 30233B8724ED01C600974414 /* UserDetailsViewController.swift */; };
		302C4BCA24ECE54800764F7A /* APIManager.swift in Sources */ = {isa = PBXBuildFile; fileRef = 302C4BC924ECE54800764F7A /* APIManager.swift */; };
		304131B124EE2EA5000D41D9 /* UserDetailsViewModel.swift in Sources */ = {isa = PBXBuildFile; fileRef = 304131B024EE2EA5000D41D9 /* UserDetailsViewModel.swift */; };
		304131B324EE3280000D41D9 /* UserDetailsDataService.swift in Sources */ = {isa = PBXBuildFile; fileRef = 304131B224EE3280000D41D9 /* UserDetailsDataService.swift */; };
		304131B624EE387E000D41D9 /* Promise.swift in Sources */ = {isa = PBXBuildFile; fileRef = 304131B524EE387D000D41D9 /* Promise.swift */; };
		304131B824EE4F9A000D41D9 /* UserPO.swift in Sources */ = {isa = PBXBuildFile; fileRef = 304131B724EE4F9A000D41D9 /* UserPO.swift */; };
		304CB3E524EC4E0000E76223 /* PLImageView.swift in Sources */ = {isa = PBXBuildFile; fileRef = 304CB3E424EC4E0000E76223 /* PLImageView.swift */; };
		304FBDA124EE866500A76338 /* CoreDataManagerTests.swift in Sources */ = {isa = PBXBuildFile; fileRef = 304FBDA024EE866500A76338 /* CoreDataManagerTests.swift */; };
		304FBDA324EE876300A76338 /* UserListViewModelTests.swift in Sources */ = {isa = PBXBuildFile; fileRef = 304FBDA224EE876300A76338 /* UserListViewModelTests.swift */; };
		304FBDA524EE926A00A76338 /* UserDetailsViewModelTests.swift in Sources */ = {isa = PBXBuildFile; fileRef = 304FBDA424EE926A00A76338 /* UserDetailsViewModelTests.swift */; };
		3059CE0124EAE20F009FEC03 /* AppDelegate.swift in Sources */ = {isa = PBXBuildFile; fileRef = 3059CE0024EAE20F009FEC03 /* AppDelegate.swift */; };
		3059CE0B24EAE20F009FEC03 /* GitHubAPI.xcdatamodeld in Sources */ = {isa = PBXBuildFile; fileRef = 3059CE0924EAE20F009FEC03 /* GitHubAPI.xcdatamodeld */; };
		3059CE0D24EAE213009FEC03 /* Assets.xcassets in Resources */ = {isa = PBXBuildFile; fileRef = 3059CE0C24EAE213009FEC03 /* Assets.xcassets */; };
		3059CE1024EAE213009FEC03 /* LaunchScreen.storyboard in Resources */ = {isa = PBXBuildFile; fileRef = 3059CE0E24EAE213009FEC03 /* LaunchScreen.storyboard */; };
		3059CE1B24EAE213009FEC03 /* GitHubAPITests.swift in Sources */ = {isa = PBXBuildFile; fileRef = 3059CE1A24EAE213009FEC03 /* GitHubAPITests.swift */; };
		3059CE2624EAE213009FEC03 /* GitHubAPIUITests.swift in Sources */ = {isa = PBXBuildFile; fileRef = 3059CE2524EAE213009FEC03 /* GitHubAPIUITests.swift */; };
		3059CE3724EB81D0009FEC03 /* UserListViewController.swift in Sources */ = {isa = PBXBuildFile; fileRef = 3059CE3624EB81D0009FEC03 /* UserListViewController.swift */; };
		3059CE3D24EB8347009FEC03 /* BaseViewController.swift in Sources */ = {isa = PBXBuildFile; fileRef = 3059CE3C24EB8347009FEC03 /* BaseViewController.swift */; };
		3059CE3F24EB88A3009FEC03 /* UserListViewModel.swift in Sources */ = {isa = PBXBuildFile; fileRef = 3059CE3E24EB88A3009FEC03 /* UserListViewModel.swift */; };
		3084884824ED8E0C00D11457 /* CoreDataManager.swift in Sources */ = {isa = PBXBuildFile; fileRef = 3084884724ED8E0C00D11457 /* CoreDataManager.swift */; };
		30C4A84024EB8F4B00DE6418 /* StringConstant.swift in Sources */ = {isa = PBXBuildFile; fileRef = 30C4A83F24EB8F4B00DE6418 /* StringConstant.swift */; };
		30C4A84324EB9CC500DE6418 /* UserListTableViewCell.swift in Sources */ = {isa = PBXBuildFile; fileRef = 30C4A84224EB9CC500DE6418 /* UserListTableViewCell.swift */; };
		30C4A84724EB9D4C00DE6418 /* PLLabel.swift in Sources */ = {isa = PBXBuildFile; fileRef = 30C4A84624EB9D4C00DE6418 /* PLLabel.swift */; };
		30E379F124ED7CF90071B1C0 /* UserListDataService.swift in Sources */ = {isa = PBXBuildFile; fileRef = 30E379F024ED7CF90071B1C0 /* UserListDataService.swift */; };
		30E379F324ED810C0071B1C0 /* UserSearchBaseModel.swift in Sources */ = {isa = PBXBuildFile; fileRef = 30E379F224ED810C0071B1C0 /* UserSearchBaseModel.swift */; };
		30E379F824ED83E60071B1C0 /* User+CoreDataClass.swift in Sources */ = {isa = PBXBuildFile; fileRef = 30E379F624ED83E60071B1C0 /* User+CoreDataClass.swift */; };
		30E379F924ED83E60071B1C0 /* User+CoreDataProperties.swift in Sources */ = {isa = PBXBuildFile; fileRef = 30E379F724ED83E60071B1C0 /* User+CoreDataProperties.swift */; };
		30E379FB24ED85360071B1C0 /* App+Extension.swift in Sources */ = {isa = PBXBuildFile; fileRef = 30E379FA24ED85360071B1C0 /* App+Extension.swift */; };
		30E379FE24ED8B6B0071B1C0 /* ErrorResult.swift in Sources */ = {isa = PBXBuildFile; fileRef = 30E379FD24ED8B6B0071B1C0 /* ErrorResult.swift */; };
		30E37A0124ED8BAD0071B1C0 /* ParserHelper.swift in Sources */ = {isa = PBXBuildFile; fileRef = 30E37A0024ED8BAD0071B1C0 /* ParserHelper.swift */; };
		99EE1D946D6B2A7257B7F397 /* Pods_GitHubAPI.framework in Frameworks */ = {isa = PBXBuildFile; fileRef = 85447A56EAE64AC5D99A72C7 /* Pods_GitHubAPI.framework */; };
		B5F9DE8D9584BC421908697A /* Pods_GitHubAPITests.framework in Frameworks */ = {isa = PBXBuildFile; fileRef = E24AD50AA19C5C6AE6E084FB /* Pods_GitHubAPITests.framework */; };
/* End PBXBuildFile section */

/* Begin PBXContainerItemProxy section */
		3059CE1724EAE213009FEC03 /* PBXContainerItemProxy */ = {
			isa = PBXContainerItemProxy;
			containerPortal = 3059CDF524EAE20F009FEC03 /* Project object */;
			proxyType = 1;
			remoteGlobalIDString = 3059CDFC24EAE20F009FEC03;
			remoteInfo = GitHubAPI;
		};
		3059CE2224EAE213009FEC03 /* PBXContainerItemProxy */ = {
			isa = PBXContainerItemProxy;
			containerPortal = 3059CDF524EAE20F009FEC03 /* Project object */;
			proxyType = 1;
			remoteGlobalIDString = 3059CDFC24EAE20F009FEC03;
			remoteInfo = GitHubAPI;
		};
/* End PBXContainerItemProxy section */

/* Begin PBXFileReference section */
		2EEF99461B0AB3BAEFAC0178 /* Pods-GitHubAPI.debug.xcconfig */ = {isa = PBXFileReference; includeInIndex = 1; lastKnownFileType = text.xcconfig; name = "Pods-GitHubAPI.debug.xcconfig"; path = "Target Support Files/Pods-GitHubAPI/Pods-GitHubAPI.debug.xcconfig"; sourceTree = "<group>"; };
		3005D29124ED3E9400882126 /* ServerCommunication.swift */ = {isa = PBXFileReference; lastKnownFileType = sourcecode.swift; path = ServerCommunication.swift; sourceTree = "<group>"; };
		30233B8724ED01C600974414 /* UserDetailsViewController.swift */ = {isa = PBXFileReference; lastKnownFileType = sourcecode.swift; path = UserDetailsViewController.swift; sourceTree = "<group>"; };
		302C4BC924ECE54800764F7A /* APIManager.swift */ = {isa = PBXFileReference; lastKnownFileType = sourcecode.swift; path = APIManager.swift; sourceTree = "<group>"; };
		304131B024EE2EA5000D41D9 /* UserDetailsViewModel.swift */ = {isa = PBXFileReference; lastKnownFileType = sourcecode.swift; path = UserDetailsViewModel.swift; sourceTree = "<group>"; };
		304131B224EE3280000D41D9 /* UserDetailsDataService.swift */ = {isa = PBXFileReference; lastKnownFileType = sourcecode.swift; path = UserDetailsDataService.swift; sourceTree = "<group>"; };
		304131B524EE387D000D41D9 /* Promise.swift */ = {isa = PBXFileReference; fileEncoding = 4; lastKnownFileType = sourcecode.swift; path = Promise.swift; sourceTree = "<group>"; };
		304131B724EE4F9A000D41D9 /* UserPO.swift */ = {isa = PBXFileReference; lastKnownFileType = sourcecode.swift; path = UserPO.swift; sourceTree = "<group>"; };
		304CB3E424EC4E0000E76223 /* PLImageView.swift */ = {isa = PBXFileReference; lastKnownFileType = sourcecode.swift; path = PLImageView.swift; sourceTree = "<group>"; };
		304FBDA024EE866500A76338 /* CoreDataManagerTests.swift */ = {isa = PBXFileReference; lastKnownFileType = sourcecode.swift; path = CoreDataManagerTests.swift; sourceTree = "<group>"; };
		304FBDA224EE876300A76338 /* UserListViewModelTests.swift */ = {isa = PBXFileReference; lastKnownFileType = sourcecode.swift; path = UserListViewModelTests.swift; sourceTree = "<group>"; };
		304FBDA424EE926A00A76338 /* UserDetailsViewModelTests.swift */ = {isa = PBXFileReference; lastKnownFileType = sourcecode.swift; path = UserDetailsViewModelTests.swift; sourceTree = "<group>"; };
		3059CDFD24EAE20F009FEC03 /* GitHubAPI.app */ = {isa = PBXFileReference; explicitFileType = wrapper.application; includeInIndex = 0; path = GitHubAPI.app; sourceTree = BUILT_PRODUCTS_DIR; };
		3059CE0024EAE20F009FEC03 /* AppDelegate.swift */ = {isa = PBXFileReference; lastKnownFileType = sourcecode.swift; path = AppDelegate.swift; sourceTree = "<group>"; };
		3059CE0A24EAE20F009FEC03 /* GitHubAPI.xcdatamodel */ = {isa = PBXFileReference; lastKnownFileType = wrapper.xcdatamodel; path = GitHubAPI.xcdatamodel; sourceTree = "<group>"; };
		3059CE0C24EAE213009FEC03 /* Assets.xcassets */ = {isa = PBXFileReference; lastKnownFileType = folder.assetcatalog; path = Assets.xcassets; sourceTree = "<group>"; };
		3059CE0F24EAE213009FEC03 /* Base */ = {isa = PBXFileReference; lastKnownFileType = file.storyboard; name = Base; path = Base.lproj/LaunchScreen.storyboard; sourceTree = "<group>"; };
		3059CE1124EAE213009FEC03 /* Info.plist */ = {isa = PBXFileReference; lastKnownFileType = text.plist.xml; path = Info.plist; sourceTree = "<group>"; };
		3059CE1624EAE213009FEC03 /* GitHubAPITests.xctest */ = {isa = PBXFileReference; explicitFileType = wrapper.cfbundle; includeInIndex = 0; path = GitHubAPITests.xctest; sourceTree = BUILT_PRODUCTS_DIR; };
		3059CE1A24EAE213009FEC03 /* GitHubAPITests.swift */ = {isa = PBXFileReference; lastKnownFileType = sourcecode.swift; path = GitHubAPITests.swift; sourceTree = "<group>"; };
		3059CE1C24EAE213009FEC03 /* Info.plist */ = {isa = PBXFileReference; lastKnownFileType = text.plist.xml; path = Info.plist; sourceTree = "<group>"; };
		3059CE2124EAE213009FEC03 /* GitHubAPIUITests.xctest */ = {isa = PBXFileReference; explicitFileType = wrapper.cfbundle; includeInIndex = 0; path = GitHubAPIUITests.xctest; sourceTree = BUILT_PRODUCTS_DIR; };
		3059CE2524EAE213009FEC03 /* GitHubAPIUITests.swift */ = {isa = PBXFileReference; lastKnownFileType = sourcecode.swift; path = GitHubAPIUITests.swift; sourceTree = "<group>"; };
		3059CE2724EAE213009FEC03 /* Info.plist */ = {isa = PBXFileReference; lastKnownFileType = text.plist.xml; path = Info.plist; sourceTree = "<group>"; };
		3059CE3624EB81D0009FEC03 /* UserListViewController.swift */ = {isa = PBXFileReference; lastKnownFileType = sourcecode.swift; path = UserListViewController.swift; sourceTree = "<group>"; };
		3059CE3C24EB8347009FEC03 /* BaseViewController.swift */ = {isa = PBXFileReference; lastKnownFileType = sourcecode.swift; path = BaseViewController.swift; sourceTree = "<group>"; };
		3059CE3E24EB88A3009FEC03 /* UserListViewModel.swift */ = {isa = PBXFileReference; lastKnownFileType = sourcecode.swift; path = UserListViewModel.swift; sourceTree = "<group>"; };
		3084884724ED8E0C00D11457 /* CoreDataManager.swift */ = {isa = PBXFileReference; lastKnownFileType = sourcecode.swift; path = CoreDataManager.swift; sourceTree = "<group>"; };
		30C4A83F24EB8F4B00DE6418 /* StringConstant.swift */ = {isa = PBXFileReference; lastKnownFileType = sourcecode.swift; path = StringConstant.swift; sourceTree = "<group>"; };
		30C4A84224EB9CC500DE6418 /* UserListTableViewCell.swift */ = {isa = PBXFileReference; lastKnownFileType = sourcecode.swift; path = UserListTableViewCell.swift; sourceTree = "<group>"; };
		30C4A84624EB9D4C00DE6418 /* PLLabel.swift */ = {isa = PBXFileReference; lastKnownFileType = sourcecode.swift; path = PLLabel.swift; sourceTree = "<group>"; };
		30E379F024ED7CF90071B1C0 /* UserListDataService.swift */ = {isa = PBXFileReference; lastKnownFileType = sourcecode.swift; path = UserListDataService.swift; sourceTree = "<group>"; };
		30E379F224ED810C0071B1C0 /* UserSearchBaseModel.swift */ = {isa = PBXFileReference; lastKnownFileType = sourcecode.swift; path = UserSearchBaseModel.swift; sourceTree = "<group>"; };
		30E379F624ED83E60071B1C0 /* User+CoreDataClass.swift */ = {isa = PBXFileReference; lastKnownFileType = sourcecode.swift; path = "User+CoreDataClass.swift"; sourceTree = "<group>"; };
		30E379F724ED83E60071B1C0 /* User+CoreDataProperties.swift */ = {isa = PBXFileReference; lastKnownFileType = sourcecode.swift; path = "User+CoreDataProperties.swift"; sourceTree = "<group>"; };
		30E379FA24ED85360071B1C0 /* App+Extension.swift */ = {isa = PBXFileReference; lastKnownFileType = sourcecode.swift; path = "App+Extension.swift"; sourceTree = "<group>"; };
		30E379FD24ED8B6B0071B1C0 /* ErrorResult.swift */ = {isa = PBXFileReference; lastKnownFileType = sourcecode.swift; path = ErrorResult.swift; sourceTree = "<group>"; };
		30E37A0024ED8BAD0071B1C0 /* ParserHelper.swift */ = {isa = PBXFileReference; lastKnownFileType = sourcecode.swift; path = ParserHelper.swift; sourceTree = "<group>"; };
		60AEF673609FEF0933AEE0B4 /* Pods-GitHubAPITests.debug.xcconfig */ = {isa = PBXFileReference; includeInIndex = 1; lastKnownFileType = text.xcconfig; name = "Pods-GitHubAPITests.debug.xcconfig"; path = "Target Support Files/Pods-GitHubAPITests/Pods-GitHubAPITests.debug.xcconfig"; sourceTree = "<group>"; };
		69CEFF412BEDB9568EAD86E7 /* Pods-GitHubAPI-GitHubAPIUITests.debug.xcconfig */ = {isa = PBXFileReference; includeInIndex = 1; lastKnownFileType = text.xcconfig; name = "Pods-GitHubAPI-GitHubAPIUITests.debug.xcconfig"; path = "Target Support Files/Pods-GitHubAPI-GitHubAPIUITests/Pods-GitHubAPI-GitHubAPIUITests.debug.xcconfig"; sourceTree = "<group>"; };
		85447A56EAE64AC5D99A72C7 /* Pods_GitHubAPI.framework */ = {isa = PBXFileReference; explicitFileType = wrapper.framework; includeInIndex = 0; path = Pods_GitHubAPI.framework; sourceTree = BUILT_PRODUCTS_DIR; };
		9164DE4567C6D63A03AA5DF7 /* Pods_GitHubAPI_GitHubAPIUITests.framework */ = {isa = PBXFileReference; explicitFileType = wrapper.framework; includeInIndex = 0; path = Pods_GitHubAPI_GitHubAPIUITests.framework; sourceTree = BUILT_PRODUCTS_DIR; };
		A8BDEA6D7E255EE0CEE713EE /* Pods-GitHubAPITests.release.xcconfig */ = {isa = PBXFileReference; includeInIndex = 1; lastKnownFileType = text.xcconfig; name = "Pods-GitHubAPITests.release.xcconfig"; path = "Target Support Files/Pods-GitHubAPITests/Pods-GitHubAPITests.release.xcconfig"; sourceTree = "<group>"; };
		A9E2EA5F82F973FC8E5D6275 /* Pods-GitHubAPI-GitHubAPIUITests.release.xcconfig */ = {isa = PBXFileReference; includeInIndex = 1; lastKnownFileType = text.xcconfig; name = "Pods-GitHubAPI-GitHubAPIUITests.release.xcconfig"; path = "Target Support Files/Pods-GitHubAPI-GitHubAPIUITests/Pods-GitHubAPI-GitHubAPIUITests.release.xcconfig"; sourceTree = "<group>"; };
		B5C9676AA0B2133F350A1F6E /* Pods-GitHubAPI.release.xcconfig */ = {isa = PBXFileReference; includeInIndex = 1; lastKnownFileType = text.xcconfig; name = "Pods-GitHubAPI.release.xcconfig"; path = "Target Support Files/Pods-GitHubAPI/Pods-GitHubAPI.release.xcconfig"; sourceTree = "<group>"; };
		E24AD50AA19C5C6AE6E084FB /* Pods_GitHubAPITests.framework */ = {isa = PBXFileReference; explicitFileType = wrapper.framework; includeInIndex = 0; path = Pods_GitHubAPITests.framework; sourceTree = BUILT_PRODUCTS_DIR; };
/* End PBXFileReference section */

/* Begin PBXFrameworksBuildPhase section */
		3059CDFA24EAE20F009FEC03 /* Frameworks */ = {
			isa = PBXFrameworksBuildPhase;
			buildActionMask = 2147483647;
			files = (
				99EE1D946D6B2A7257B7F397 /* Pods_GitHubAPI.framework in Frameworks */,
			);
			runOnlyForDeploymentPostprocessing = 0;
		};
		3059CE1324EAE213009FEC03 /* Frameworks */ = {
			isa = PBXFrameworksBuildPhase;
			buildActionMask = 2147483647;
			files = (
				B5F9DE8D9584BC421908697A /* Pods_GitHubAPITests.framework in Frameworks */,
			);
			runOnlyForDeploymentPostprocessing = 0;
		};
		3059CE1E24EAE213009FEC03 /* Frameworks */ = {
			isa = PBXFrameworksBuildPhase;
			buildActionMask = 2147483647;
			files = (
				2582A00004C68D12BC665669 /* Pods_GitHubAPI_GitHubAPIUITests.framework in Frameworks */,
			);
			runOnlyForDeploymentPostprocessing = 0;
		};
/* End PBXFrameworksBuildPhase section */

/* Begin PBXGroup section */
		3005D29024ED3E8600882126 /* ServerCommunication */ = {
			isa = PBXGroup;
			children = (
				3005D29124ED3E9400882126 /* ServerCommunication.swift */,
			);
			path = ServerCommunication;
			sourceTree = "<group>";
		};
		304131B424EE387D000D41D9 /* Promise */ = {
			isa = PBXGroup;
			children = (
				304131B524EE387D000D41D9 /* Promise.swift */,
			);
			path = Promise;
			sourceTree = "<group>";
		};
		3059CDF424EAE20F009FEC03 = {
			isa = PBXGroup;
			children = (
				3059CDFF24EAE20F009FEC03 /* GitHubAPI */,
				3059CE1924EAE213009FEC03 /* GitHubAPITests */,
				3059CE2424EAE213009FEC03 /* GitHubAPIUITests */,
				3059CDFE24EAE20F009FEC03 /* Products */,
				F628018DF068E18845FB6ED4 /* Pods */,
				E5BA00FA77CEDC323EB93E7E /* Frameworks */,
			);
			sourceTree = "<group>";
		};
		3059CDFE24EAE20F009FEC03 /* Products */ = {
			isa = PBXGroup;
			children = (
				3059CDFD24EAE20F009FEC03 /* GitHubAPI.app */,
				3059CE1624EAE213009FEC03 /* GitHubAPITests.xctest */,
				3059CE2124EAE213009FEC03 /* GitHubAPIUITests.xctest */,
			);
			name = Products;
			sourceTree = "<group>";
		};
		3059CDFF24EAE20F009FEC03 /* GitHubAPI */ = {
			isa = PBXGroup;
			children = (
				3059CE0024EAE20F009FEC03 /* AppDelegate.swift */,
				3059CE3324EAEB47009FEC03 /* Module */,
				3059CE3A24EB8328009FEC03 /* Helper */,
				3059CE0C24EAE213009FEC03 /* Assets.xcassets */,
				3059CE0E24EAE213009FEC03 /* LaunchScreen.storyboard */,
				3059CE1124EAE213009FEC03 /* Info.plist */,
			);
			path = GitHubAPI;
			sourceTree = "<group>";
		};
		3059CE1924EAE213009FEC03 /* GitHubAPITests */ = {
			isa = PBXGroup;
			children = (
				3059CE1A24EAE213009FEC03 /* GitHubAPITests.swift */,
				304FBDA024EE866500A76338 /* CoreDataManagerTests.swift */,
				304FBDA224EE876300A76338 /* UserListViewModelTests.swift */,
				304FBDA424EE926A00A76338 /* UserDetailsViewModelTests.swift */,
				3059CE1C24EAE213009FEC03 /* Info.plist */,
			);
			path = GitHubAPITests;
			sourceTree = "<group>";
		};
		3059CE2424EAE213009FEC03 /* GitHubAPIUITests */ = {
			isa = PBXGroup;
			children = (
				3059CE2524EAE213009FEC03 /* GitHubAPIUITests.swift */,
				3059CE2724EAE213009FEC03 /* Info.plist */,
			);
			path = GitHubAPIUITests;
			sourceTree = "<group>";
		};
		3059CE3324EAEB47009FEC03 /* Module */ = {
			isa = PBXGroup;
			children = (
				3059CE3424EB8188009FEC03 /* Users */,
			);
			path = Module;
			sourceTree = "<group>";
		};
		3059CE3424EB8188009FEC03 /* Users */ = {
			isa = PBXGroup;
			children = (
				3059CE3924EB82E0009FEC03 /* Model */,
				3059CE3824EB82D6009FEC03 /* ViewModel */,
				3059CE3524EB8190009FEC03 /* View */,
			);
			path = Users;
			sourceTree = "<group>";
		};
		3059CE3524EB8190009FEC03 /* View */ = {
			isa = PBXGroup;
			children = (
				30C4A84124EB9C9C00DE6418 /* UITableViewCell */,
				3059CE3624EB81D0009FEC03 /* UserListViewController.swift */,
				30233B8724ED01C600974414 /* UserDetailsViewController.swift */,
			);
			path = View;
			sourceTree = "<group>";
		};
		3059CE3824EB82D6009FEC03 /* ViewModel */ = {
			isa = PBXGroup;
			children = (
				3059CE3E24EB88A3009FEC03 /* UserListViewModel.swift */,
				304131B024EE2EA5000D41D9 /* UserDetailsViewModel.swift */,
			);
			path = ViewModel;
			sourceTree = "<group>";
		};
		3059CE3924EB82E0009FEC03 /* Model */ = {
			isa = PBXGroup;
			children = (
				30E379F224ED810C0071B1C0 /* UserSearchBaseModel.swift */,
				304131B724EE4F9A000D41D9 /* UserPO.swift */,
			);
			path = Model;
			sourceTree = "<group>";
		};
		3059CE3A24EB8328009FEC03 /* Helper */ = {
			isa = PBXGroup;
			children = (
				304131B424EE387D000D41D9 /* Promise */,
				30E379F424ED835F0071B1C0 /* CoreData */,
				30E379EF24ED7CCB0071B1C0 /* Service */,
				30C4A83E24EB8F2800DE6418 /* Constants */,
				3059CE3B24EB8333009FEC03 /* CustomView */,
			);
			path = Helper;
			sourceTree = "<group>";
		};
		3059CE3B24EB8333009FEC03 /* CustomView */ = {
			isa = PBXGroup;
			children = (
				3059CE3C24EB8347009FEC03 /* BaseViewController.swift */,
				30C4A84624EB9D4C00DE6418 /* PLLabel.swift */,
				304CB3E424EC4E0000E76223 /* PLImageView.swift */,
			);
			path = CustomView;
			sourceTree = "<group>";
		};
		30C4A83E24EB8F2800DE6418 /* Constants */ = {
			isa = PBXGroup;
			children = (
				30C4A83F24EB8F4B00DE6418 /* StringConstant.swift */,
				302C4BC924ECE54800764F7A /* APIManager.swift */,
				30E379FA24ED85360071B1C0 /* App+Extension.swift */,
			);
			path = Constants;
			sourceTree = "<group>";
		};
		30C4A84124EB9C9C00DE6418 /* UITableViewCell */ = {
			isa = PBXGroup;
			children = (
				30C4A84224EB9CC500DE6418 /* UserListTableViewCell.swift */,
			);
			path = UITableViewCell;
			sourceTree = "<group>";
		};
		30E379EF24ED7CCB0071B1C0 /* Service */ = {
			isa = PBXGroup;
			children = (
				30E379F024ED7CF90071B1C0 /* UserListDataService.swift */,
				304131B224EE3280000D41D9 /* UserDetailsDataService.swift */,
				30E379FF24ED8B9B0071B1C0 /* Parser */,
				3005D29024ED3E8600882126 /* ServerCommunication */,
				30E379FC24ED8B540071B1C0 /* Error */,
			);
			path = Service;
			sourceTree = "<group>";
		};
		30E379F424ED835F0071B1C0 /* CoreData */ = {
			isa = PBXGroup;
			children = (
				3059CE0924EAE20F009FEC03 /* GitHubAPI.xcdatamodeld */,
				3084884724ED8E0C00D11457 /* CoreDataManager.swift */,
				30E379F524ED83670071B1C0 /* Model */,
			);
			path = CoreData;
			sourceTree = "<group>";
		};
		30E379F524ED83670071B1C0 /* Model */ = {
			isa = PBXGroup;
			children = (
				30E379F624ED83E60071B1C0 /* User+CoreDataClass.swift */,
				30E379F724ED83E60071B1C0 /* User+CoreDataProperties.swift */,
			);
			path = Model;
			sourceTree = "<group>";
		};
		30E379FC24ED8B540071B1C0 /* Error */ = {
			isa = PBXGroup;
			children = (
				30E379FD24ED8B6B0071B1C0 /* ErrorResult.swift */,
			);
			path = Error;
			sourceTree = "<group>";
		};
		30E379FF24ED8B9B0071B1C0 /* Parser */ = {
			isa = PBXGroup;
			children = (
				30E37A0024ED8BAD0071B1C0 /* ParserHelper.swift */,
			);
			path = Parser;
			sourceTree = "<group>";
		};
		E5BA00FA77CEDC323EB93E7E /* Frameworks */ = {
			isa = PBXGroup;
			children = (
				85447A56EAE64AC5D99A72C7 /* Pods_GitHubAPI.framework */,
				9164DE4567C6D63A03AA5DF7 /* Pods_GitHubAPI_GitHubAPIUITests.framework */,
				E24AD50AA19C5C6AE6E084FB /* Pods_GitHubAPITests.framework */,
			);
			name = Frameworks;
			sourceTree = "<group>";
		};
		F628018DF068E18845FB6ED4 /* Pods */ = {
			isa = PBXGroup;
			children = (
				2EEF99461B0AB3BAEFAC0178 /* Pods-GitHubAPI.debug.xcconfig */,
				B5C9676AA0B2133F350A1F6E /* Pods-GitHubAPI.release.xcconfig */,
				69CEFF412BEDB9568EAD86E7 /* Pods-GitHubAPI-GitHubAPIUITests.debug.xcconfig */,
				A9E2EA5F82F973FC8E5D6275 /* Pods-GitHubAPI-GitHubAPIUITests.release.xcconfig */,
				60AEF673609FEF0933AEE0B4 /* Pods-GitHubAPITests.debug.xcconfig */,
				A8BDEA6D7E255EE0CEE713EE /* Pods-GitHubAPITests.release.xcconfig */,
			);
			path = Pods;
			sourceTree = "<group>";
		};
/* End PBXGroup section */

/* Begin PBXNativeTarget section */
		3059CDFC24EAE20F009FEC03 /* GitHubAPI */ = {
			isa = PBXNativeTarget;
			buildConfigurationList = 3059CE2A24EAE213009FEC03 /* Build configuration list for PBXNativeTarget "GitHubAPI" */;
			buildPhases = (
				66E17D4EE598DFD2D98B86A1 /* [CP] Check Pods Manifest.lock */,
				3059CDF924EAE20F009FEC03 /* Sources */,
				3059CDFA24EAE20F009FEC03 /* Frameworks */,
				3059CDFB24EAE20F009FEC03 /* Resources */,
				AFF4A71AC7C534DF867FCED2 /* [CP] Embed Pods Frameworks */,
			);
			buildRules = (
			);
			dependencies = (
			);
			name = GitHubAPI;
			productName = GitHubAPI;
			productReference = 3059CDFD24EAE20F009FEC03 /* GitHubAPI.app */;
			productType = "com.apple.product-type.application";
		};
		3059CE1524EAE213009FEC03 /* GitHubAPITests */ = {
			isa = PBXNativeTarget;
			buildConfigurationList = 3059CE2D24EAE213009FEC03 /* Build configuration list for PBXNativeTarget "GitHubAPITests" */;
			buildPhases = (
				B409084F3B0AF53684934210 /* [CP] Check Pods Manifest.lock */,
				3059CE1224EAE213009FEC03 /* Sources */,
				3059CE1324EAE213009FEC03 /* Frameworks */,
				3059CE1424EAE213009FEC03 /* Resources */,
			);
			buildRules = (
			);
			dependencies = (
				3059CE1824EAE213009FEC03 /* PBXTargetDependency */,
			);
			name = GitHubAPITests;
			productName = GitHubAPITests;
			productReference = 3059CE1624EAE213009FEC03 /* GitHubAPITests.xctest */;
			productType = "com.apple.product-type.bundle.unit-test";
		};
		3059CE2024EAE213009FEC03 /* GitHubAPIUITests */ = {
			isa = PBXNativeTarget;
			buildConfigurationList = 3059CE3024EAE213009FEC03 /* Build configuration list for PBXNativeTarget "GitHubAPIUITests" */;
			buildPhases = (
				C28A7D76626BA645B2703924 /* [CP] Check Pods Manifest.lock */,
				3059CE1D24EAE213009FEC03 /* Sources */,
				3059CE1E24EAE213009FEC03 /* Frameworks */,
				3059CE1F24EAE213009FEC03 /* Resources */,
				37EF2CBAA100C73411C7CA9D /* [CP] Embed Pods Frameworks */,
			);
			buildRules = (
			);
			dependencies = (
				3059CE2324EAE213009FEC03 /* PBXTargetDependency */,
			);
			name = GitHubAPIUITests;
			productName = GitHubAPIUITests;
			productReference = 3059CE2124EAE213009FEC03 /* GitHubAPIUITests.xctest */;
			productType = "com.apple.product-type.bundle.ui-testing";
		};
/* End PBXNativeTarget section */

/* Begin PBXProject section */
		3059CDF524EAE20F009FEC03 /* Project object */ = {
			isa = PBXProject;
			attributes = {
				LastSwiftUpdateCheck = 1160;
				LastUpgradeCheck = 1160;
				ORGANIZATIONNAME = Pratik;
				TargetAttributes = {
					3059CDFC24EAE20F009FEC03 = {
						CreatedOnToolsVersion = 11.6;
					};
					3059CE1524EAE213009FEC03 = {
						CreatedOnToolsVersion = 11.6;
						TestTargetID = 3059CDFC24EAE20F009FEC03;
					};
					3059CE2024EAE213009FEC03 = {
						CreatedOnToolsVersion = 11.6;
						TestTargetID = 3059CDFC24EAE20F009FEC03;
					};
				};
			};
			buildConfigurationList = 3059CDF824EAE20F009FEC03 /* Build configuration list for PBXProject "GitHubAPI" */;
			compatibilityVersion = "Xcode 9.3";
			developmentRegion = en;
			hasScannedForEncodings = 0;
			knownRegions = (
				en,
				Base,
			);
			mainGroup = 3059CDF424EAE20F009FEC03;
			productRefGroup = 3059CDFE24EAE20F009FEC03 /* Products */;
			projectDirPath = "";
			projectRoot = "";
			targets = (
				3059CDFC24EAE20F009FEC03 /* GitHubAPI */,
				3059CE1524EAE213009FEC03 /* GitHubAPITests */,
				3059CE2024EAE213009FEC03 /* GitHubAPIUITests */,
			);
		};
/* End PBXProject section */

/* Begin PBXResourcesBuildPhase section */
		3059CDFB24EAE20F009FEC03 /* Resources */ = {
			isa = PBXResourcesBuildPhase;
			buildActionMask = 2147483647;
			files = (
				3059CE1024EAE213009FEC03 /* LaunchScreen.storyboard in Resources */,
				3059CE0D24EAE213009FEC03 /* Assets.xcassets in Resources */,
			);
			runOnlyForDeploymentPostprocessing = 0;
		};
		3059CE1424EAE213009FEC03 /* Resources */ = {
			isa = PBXResourcesBuildPhase;
			buildActionMask = 2147483647;
			files = (
			);
			runOnlyForDeploymentPostprocessing = 0;
		};
		3059CE1F24EAE213009FEC03 /* Resources */ = {
			isa = PBXResourcesBuildPhase;
			buildActionMask = 2147483647;
			files = (
			);
			runOnlyForDeploymentPostprocessing = 0;
		};
/* End PBXResourcesBuildPhase section */

/* Begin PBXShellScriptBuildPhase section */
		37EF2CBAA100C73411C7CA9D /* [CP] Embed Pods Frameworks */ = {
			isa = PBXShellScriptBuildPhase;
			buildActionMask = 2147483647;
			files = (
			);
			inputFileListPaths = (
				"${PODS_ROOT}/Target Support Files/Pods-GitHubAPI-GitHubAPIUITests/Pods-GitHubAPI-GitHubAPIUITests-frameworks-${CONFIGURATION}-input-files.xcfilelist",
			);
			name = "[CP] Embed Pods Frameworks";
			outputFileListPaths = (
				"${PODS_ROOT}/Target Support Files/Pods-GitHubAPI-GitHubAPIUITests/Pods-GitHubAPI-GitHubAPIUITests-frameworks-${CONFIGURATION}-output-files.xcfilelist",
			);
			runOnlyForDeploymentPostprocessing = 0;
			shellPath = /bin/sh;
			shellScript = "\"${PODS_ROOT}/Target Support Files/Pods-GitHubAPI-GitHubAPIUITests/Pods-GitHubAPI-GitHubAPIUITests-frameworks.sh\"\n";
			showEnvVarsInLog = 0;
		};
		66E17D4EE598DFD2D98B86A1 /* [CP] Check Pods Manifest.lock */ = {
			isa = PBXShellScriptBuildPhase;
			buildActionMask = 2147483647;
			files = (
			);
			inputFileListPaths = (
			);
			inputPaths = (
				"${PODS_PODFILE_DIR_PATH}/Podfile.lock",
				"${PODS_ROOT}/Manifest.lock",
			);
			name = "[CP] Check Pods Manifest.lock";
			outputFileListPaths = (
			);
			outputPaths = (
				"$(DERIVED_FILE_DIR)/Pods-GitHubAPI-checkManifestLockResult.txt",
			);
			runOnlyForDeploymentPostprocessing = 0;
			shellPath = /bin/sh;
			shellScript = "diff \"${PODS_PODFILE_DIR_PATH}/Podfile.lock\" \"${PODS_ROOT}/Manifest.lock\" > /dev/null\nif [ $? != 0 ] ; then\n    # print error to STDERR\n    echo \"error: The sandbox is not in sync with the Podfile.lock. Run 'pod install' or update your CocoaPods installation.\" >&2\n    exit 1\nfi\n# This output is used by Xcode 'outputs' to avoid re-running this script phase.\necho \"SUCCESS\" > \"${SCRIPT_OUTPUT_FILE_0}\"\n";
			showEnvVarsInLog = 0;
		};
		AFF4A71AC7C534DF867FCED2 /* [CP] Embed Pods Frameworks */ = {
			isa = PBXShellScriptBuildPhase;
			buildActionMask = 2147483647;
			files = (
			);
			inputFileListPaths = (
				"${PODS_ROOT}/Target Support Files/Pods-GitHubAPI/Pods-GitHubAPI-frameworks-${CONFIGURATION}-input-files.xcfilelist",
			);
			name = "[CP] Embed Pods Frameworks";
			outputFileListPaths = (
				"${PODS_ROOT}/Target Support Files/Pods-GitHubAPI/Pods-GitHubAPI-frameworks-${CONFIGURATION}-output-files.xcfilelist",
			);
			runOnlyForDeploymentPostprocessing = 0;
			shellPath = /bin/sh;
			shellScript = "\"${PODS_ROOT}/Target Support Files/Pods-GitHubAPI/Pods-GitHubAPI-frameworks.sh\"\n";
			showEnvVarsInLog = 0;
		};
		B409084F3B0AF53684934210 /* [CP] Check Pods Manifest.lock */ = {
			isa = PBXShellScriptBuildPhase;
			buildActionMask = 2147483647;
			files = (
			);
			inputFileListPaths = (
			);
			inputPaths = (
				"${PODS_PODFILE_DIR_PATH}/Podfile.lock",
				"${PODS_ROOT}/Manifest.lock",
			);
			name = "[CP] Check Pods Manifest.lock";
			outputFileListPaths = (
			);
			outputPaths = (
				"$(DERIVED_FILE_DIR)/Pods-GitHubAPITests-checkManifestLockResult.txt",
			);
			runOnlyForDeploymentPostprocessing = 0;
			shellPath = /bin/sh;
			shellScript = "diff \"${PODS_PODFILE_DIR_PATH}/Podfile.lock\" \"${PODS_ROOT}/Manifest.lock\" > /dev/null\nif [ $? != 0 ] ; then\n    # print error to STDERR\n    echo \"error: The sandbox is not in sync with the Podfile.lock. Run 'pod install' or update your CocoaPods installation.\" >&2\n    exit 1\nfi\n# This output is used by Xcode 'outputs' to avoid re-running this script phase.\necho \"SUCCESS\" > \"${SCRIPT_OUTPUT_FILE_0}\"\n";
			showEnvVarsInLog = 0;
		};
		C28A7D76626BA645B2703924 /* [CP] Check Pods Manifest.lock */ = {
			isa = PBXShellScriptBuildPhase;
			buildActionMask = 2147483647;
			files = (
			);
			inputFileListPaths = (
			);
			inputPaths = (
				"${PODS_PODFILE_DIR_PATH}/Podfile.lock",
				"${PODS_ROOT}/Manifest.lock",
			);
			name = "[CP] Check Pods Manifest.lock";
			outputFileListPaths = (
			);
			outputPaths = (
				"$(DERIVED_FILE_DIR)/Pods-GitHubAPI-GitHubAPIUITests-checkManifestLockResult.txt",
			);
			runOnlyForDeploymentPostprocessing = 0;
			shellPath = /bin/sh;
			shellScript = "diff \"${PODS_PODFILE_DIR_PATH}/Podfile.lock\" \"${PODS_ROOT}/Manifest.lock\" > /dev/null\nif [ $? != 0 ] ; then\n    # print error to STDERR\n    echo \"error: The sandbox is not in sync with the Podfile.lock. Run 'pod install' or update your CocoaPods installation.\" >&2\n    exit 1\nfi\n# This output is used by Xcode 'outputs' to avoid re-running this script phase.\necho \"SUCCESS\" > \"${SCRIPT_OUTPUT_FILE_0}\"\n";
			showEnvVarsInLog = 0;
		};
/* End PBXShellScriptBuildPhase section */

/* Begin PBXSourcesBuildPhase section */
		3059CDF924EAE20F009FEC03 /* Sources */ = {
			isa = PBXSourcesBuildPhase;
			buildActionMask = 2147483647;
			files = (
				3059CE0124EAE20F009FEC03 /* AppDelegate.swift in Sources */,
				304131B624EE387E000D41D9 /* Promise.swift in Sources */,
				30E379FB24ED85360071B1C0 /* App+Extension.swift in Sources */,
				30E379F124ED7CF90071B1C0 /* UserListDataService.swift in Sources */,
				30E379F924ED83E60071B1C0 /* User+CoreDataProperties.swift in Sources */,
				3005D29224ED3E9400882126 /* ServerCommunication.swift in Sources */,
				3059CE3D24EB8347009FEC03 /* BaseViewController.swift in Sources */,
				302C4BCA24ECE54800764F7A /* APIManager.swift in Sources */,
				30E379F324ED810C0071B1C0 /* UserSearchBaseModel.swift in Sources */,
				3059CE0B24EAE20F009FEC03 /* GitHubAPI.xcdatamodeld in Sources */,
				3059CE3724EB81D0009FEC03 /* UserListViewController.swift in Sources */,
				304CB3E524EC4E0000E76223 /* PLImageView.swift in Sources */,
				304131B124EE2EA5000D41D9 /* UserDetailsViewModel.swift in Sources */,
				30C4A84724EB9D4C00DE6418 /* PLLabel.swift in Sources */,
				3059CE3F24EB88A3009FEC03 /* UserListViewModel.swift in Sources */,
				30233B8824ED01C600974414 /* UserDetailsViewController.swift in Sources */,
				30C4A84024EB8F4B00DE6418 /* StringConstant.swift in Sources */,
				30E379FE24ED8B6B0071B1C0 /* ErrorResult.swift in Sources */,
				304131B324EE3280000D41D9 /* UserDetailsDataService.swift in Sources */,
				30C4A84324EB9CC500DE6418 /* UserListTableViewCell.swift in Sources */,
				30E37A0124ED8BAD0071B1C0 /* ParserHelper.swift in Sources */,
				304131B824EE4F9A000D41D9 /* UserPO.swift in Sources */,
				3084884824ED8E0C00D11457 /* CoreDataManager.swift in Sources */,
				30E379F824ED83E60071B1C0 /* User+CoreDataClass.swift in Sources */,
			);
			runOnlyForDeploymentPostprocessing = 0;
		};
		3059CE1224EAE213009FEC03 /* Sources */ = {
			isa = PBXSourcesBuildPhase;
			buildActionMask = 2147483647;
			files = (
				304FBDA324EE876300A76338 /* UserListViewModelTests.swift in Sources */,
				304FBDA124EE866500A76338 /* CoreDataManagerTests.swift in Sources */,
				304FBDA524EE926A00A76338 /* UserDetailsViewModelTests.swift in Sources */,
				3059CE1B24EAE213009FEC03 /* GitHubAPITests.swift in Sources */,
			);
			runOnlyForDeploymentPostprocessing = 0;
		};
		3059CE1D24EAE213009FEC03 /* Sources */ = {
			isa = PBXSourcesBuildPhase;
			buildActionMask = 2147483647;
			files = (
				3059CE2624EAE213009FEC03 /* GitHubAPIUITests.swift in Sources */,
			);
			runOnlyForDeploymentPostprocessing = 0;
		};
/* End PBXSourcesBuildPhase section */

/* Begin PBXTargetDependency section */
		3059CE1824EAE213009FEC03 /* PBXTargetDependency */ = {
			isa = PBXTargetDependency;
			target = 3059CDFC24EAE20F009FEC03 /* GitHubAPI */;
			targetProxy = 3059CE1724EAE213009FEC03 /* PBXContainerItemProxy */;
		};
		3059CE2324EAE213009FEC03 /* PBXTargetDependency */ = {
			isa = PBXTargetDependency;
			target = 3059CDFC24EAE20F009FEC03 /* GitHubAPI */;
			targetProxy = 3059CE2224EAE213009FEC03 /* PBXContainerItemProxy */;
		};
/* End PBXTargetDependency section */

/* Begin PBXVariantGroup section */
		3059CE0E24EAE213009FEC03 /* LaunchScreen.storyboard */ = {
			isa = PBXVariantGroup;
			children = (
				3059CE0F24EAE213009FEC03 /* Base */,
			);
			name = LaunchScreen.storyboard;
			sourceTree = "<group>";
		};
/* End PBXVariantGroup section */

/* Begin XCBuildConfiguration section */
		3059CE2824EAE213009FEC03 /* Debug */ = {
			isa = XCBuildConfiguration;
			buildSettings = {
				ALWAYS_SEARCH_USER_PATHS = NO;
				CLANG_ANALYZER_NONNULL = YES;
				CLANG_ANALYZER_NUMBER_OBJECT_CONVERSION = YES_AGGRESSIVE;
				CLANG_CXX_LANGUAGE_STANDARD = "gnu++14";
				CLANG_CXX_LIBRARY = "libc++";
				CLANG_ENABLE_MODULES = YES;
				CLANG_ENABLE_OBJC_ARC = YES;
				CLANG_ENABLE_OBJC_WEAK = YES;
				CLANG_WARN_BLOCK_CAPTURE_AUTORELEASING = YES;
				CLANG_WARN_BOOL_CONVERSION = YES;
				CLANG_WARN_COMMA = YES;
				CLANG_WARN_CONSTANT_CONVERSION = YES;
				CLANG_WARN_DEPRECATED_OBJC_IMPLEMENTATIONS = YES;
				CLANG_WARN_DIRECT_OBJC_ISA_USAGE = YES_ERROR;
				CLANG_WARN_DOCUMENTATION_COMMENTS = YES;
				CLANG_WARN_EMPTY_BODY = YES;
				CLANG_WARN_ENUM_CONVERSION = YES;
				CLANG_WARN_INFINITE_RECURSION = YES;
				CLANG_WARN_INT_CONVERSION = YES;
				CLANG_WARN_NON_LITERAL_NULL_CONVERSION = YES;
				CLANG_WARN_OBJC_IMPLICIT_RETAIN_SELF = YES;
				CLANG_WARN_OBJC_LITERAL_CONVERSION = YES;
				CLANG_WARN_OBJC_ROOT_CLASS = YES_ERROR;
				CLANG_WARN_RANGE_LOOP_ANALYSIS = YES;
				CLANG_WARN_STRICT_PROTOTYPES = YES;
				CLANG_WARN_SUSPICIOUS_MOVE = YES;
				CLANG_WARN_UNGUARDED_AVAILABILITY = YES_AGGRESSIVE;
				CLANG_WARN_UNREACHABLE_CODE = YES;
				CLANG_WARN__DUPLICATE_METHOD_MATCH = YES;
				COPY_PHASE_STRIP = NO;
				DEBUG_INFORMATION_FORMAT = dwarf;
				ENABLE_STRICT_OBJC_MSGSEND = YES;
				ENABLE_TESTABILITY = YES;
				GCC_C_LANGUAGE_STANDARD = gnu11;
				GCC_DYNAMIC_NO_PIC = NO;
				GCC_NO_COMMON_BLOCKS = YES;
				GCC_OPTIMIZATION_LEVEL = 0;
				GCC_PREPROCESSOR_DEFINITIONS = (
					"DEBUG=1",
					"$(inherited)",
				);
				GCC_WARN_64_TO_32_BIT_CONVERSION = YES;
				GCC_WARN_ABOUT_RETURN_TYPE = YES_ERROR;
				GCC_WARN_UNDECLARED_SELECTOR = YES;
				GCC_WARN_UNINITIALIZED_AUTOS = YES_AGGRESSIVE;
				GCC_WARN_UNUSED_FUNCTION = YES;
				GCC_WARN_UNUSED_VARIABLE = YES;
				IPHONEOS_DEPLOYMENT_TARGET = 13.6;
				MTL_ENABLE_DEBUG_INFO = INCLUDE_SOURCE;
				MTL_FAST_MATH = YES;
				ONLY_ACTIVE_ARCH = YES;
				SDKROOT = iphoneos;
				SWIFT_ACTIVE_COMPILATION_CONDITIONS = DEBUG;
				SWIFT_OPTIMIZATION_LEVEL = "-Onone";
			};
			name = Debug;
		};
		3059CE2924EAE213009FEC03 /* Release */ = {
			isa = XCBuildConfiguration;
			buildSettings = {
				ALWAYS_SEARCH_USER_PATHS = NO;
				CLANG_ANALYZER_NONNULL = YES;
				CLANG_ANALYZER_NUMBER_OBJECT_CONVERSION = YES_AGGRESSIVE;
				CLANG_CXX_LANGUAGE_STANDARD = "gnu++14";
				CLANG_CXX_LIBRARY = "libc++";
				CLANG_ENABLE_MODULES = YES;
				CLANG_ENABLE_OBJC_ARC = YES;
				CLANG_ENABLE_OBJC_WEAK = YES;
				CLANG_WARN_BLOCK_CAPTURE_AUTORELEASING = YES;
				CLANG_WARN_BOOL_CONVERSION = YES;
				CLANG_WARN_COMMA = YES;
				CLANG_WARN_CONSTANT_CONVERSION = YES;
				CLANG_WARN_DEPRECATED_OBJC_IMPLEMENTATIONS = YES;
				CLANG_WARN_DIRECT_OBJC_ISA_USAGE = YES_ERROR;
				CLANG_WARN_DOCUMENTATION_COMMENTS = YES;
				CLANG_WARN_EMPTY_BODY = YES;
				CLANG_WARN_ENUM_CONVERSION = YES;
				CLANG_WARN_INFINITE_RECURSION = YES;
				CLANG_WARN_INT_CONVERSION = YES;
				CLANG_WARN_NON_LITERAL_NULL_CONVERSION = YES;
				CLANG_WARN_OBJC_IMPLICIT_RETAIN_SELF = YES;
				CLANG_WARN_OBJC_LITERAL_CONVERSION = YES;
				CLANG_WARN_OBJC_ROOT_CLASS = YES_ERROR;
				CLANG_WARN_RANGE_LOOP_ANALYSIS = YES;
				CLANG_WARN_STRICT_PROTOTYPES = YES;
				CLANG_WARN_SUSPICIOUS_MOVE = YES;
				CLANG_WARN_UNGUARDED_AVAILABILITY = YES_AGGRESSIVE;
				CLANG_WARN_UNREACHABLE_CODE = YES;
				CLANG_WARN__DUPLICATE_METHOD_MATCH = YES;
				COPY_PHASE_STRIP = NO;
				DEBUG_INFORMATION_FORMAT = "dwarf-with-dsym";
				ENABLE_NS_ASSERTIONS = NO;
				ENABLE_STRICT_OBJC_MSGSEND = YES;
				GCC_C_LANGUAGE_STANDARD = gnu11;
				GCC_NO_COMMON_BLOCKS = YES;
				GCC_WARN_64_TO_32_BIT_CONVERSION = YES;
				GCC_WARN_ABOUT_RETURN_TYPE = YES_ERROR;
				GCC_WARN_UNDECLARED_SELECTOR = YES;
				GCC_WARN_UNINITIALIZED_AUTOS = YES_AGGRESSIVE;
				GCC_WARN_UNUSED_FUNCTION = YES;
				GCC_WARN_UNUSED_VARIABLE = YES;
				IPHONEOS_DEPLOYMENT_TARGET = 13.6;
				MTL_ENABLE_DEBUG_INFO = NO;
				MTL_FAST_MATH = YES;
				SDKROOT = iphoneos;
				SWIFT_COMPILATION_MODE = wholemodule;
				SWIFT_OPTIMIZATION_LEVEL = "-O";
				VALIDATE_PRODUCT = YES;
			};
			name = Release;
		};
		3059CE2B24EAE213009FEC03 /* Debug */ = {
			isa = XCBuildConfiguration;
			baseConfigurationReference = 2EEF99461B0AB3BAEFAC0178 /* Pods-GitHubAPI.debug.xcconfig */;
			buildSettings = {
				ASSETCATALOG_COMPILER_APPICON_NAME = AppIcon;
				BASE_URL = "https://api.github.com/";
				CODE_SIGN_STYLE = Automatic;
				INFOPLIST_FILE = GitHubAPI/Info.plist;
				IPHONEOS_DEPLOYMENT_TARGET = 11.0;
				LD_RUNPATH_SEARCH_PATHS = (
					"$(inherited)",
					"@executable_path/Frameworks",
				);
				PRODUCT_BUNDLE_IDENTIFIER = com.xcode.GitHubAPI;
				PRODUCT_NAME = "$(TARGET_NAME)";
				SWIFT_VERSION = 5.0;
				TARGETED_DEVICE_FAMILY = "1,2";
			};
			name = Debug;
		};
		3059CE2C24EAE213009FEC03 /* Release */ = {
			isa = XCBuildConfiguration;
			baseConfigurationReference = B5C9676AA0B2133F350A1F6E /* Pods-GitHubAPI.release.xcconfig */;
			buildSettings = {
				ASSETCATALOG_COMPILER_APPICON_NAME = AppIcon;
				BASE_URL = "https://api.github.com/";
				CODE_SIGN_STYLE = Automatic;
				INFOPLIST_FILE = GitHubAPI/Info.plist;
				IPHONEOS_DEPLOYMENT_TARGET = 11.0;
				LD_RUNPATH_SEARCH_PATHS = (
					"$(inherited)",
					"@executable_path/Frameworks",
				);
				PRODUCT_BUNDLE_IDENTIFIER = com.xcode.GitHubAPI;
				PRODUCT_NAME = "$(TARGET_NAME)";
				SWIFT_VERSION = 5.0;
				TARGETED_DEVICE_FAMILY = "1,2";
			};
			name = Release;
		};
		3059CE2E24EAE213009FEC03 /* Debug */ = {
			isa = XCBuildConfiguration;
			baseConfigurationReference = 60AEF673609FEF0933AEE0B4 /* Pods-GitHubAPITests.debug.xcconfig */;
			buildSettings = {
				ALWAYS_EMBED_SWIFT_STANDARD_LIBRARIES = YES;
				BUNDLE_LOADER = "$(TEST_HOST)";
				CODE_SIGN_STYLE = Automatic;
				INFOPLIST_FILE = GitHubAPITests/Info.plist;
				IPHONEOS_DEPLOYMENT_TARGET = 13.6;
				LD_RUNPATH_SEARCH_PATHS = (
					"$(inherited)",
					"@executable_path/Frameworks",
					"@loader_path/Frameworks",
				);
				PRODUCT_BUNDLE_IDENTIFIER = com.xcode.GitHubAPITests;
				PRODUCT_NAME = "$(TARGET_NAME)";
				SWIFT_VERSION = 5.0;
				TARGETED_DEVICE_FAMILY = "1,2";
				TEST_HOST = "$(BUILT_PRODUCTS_DIR)/GitHubAPI.app/GitHubAPI";
			};
			name = Debug;
		};
		3059CE2F24EAE213009FEC03 /* Release */ = {
			isa = XCBuildConfiguration;
			baseConfigurationReference = A8BDEA6D7E255EE0CEE713EE /* Pods-GitHubAPITests.release.xcconfig */;
			buildSettings = {
				ALWAYS_EMBED_SWIFT_STANDARD_LIBRARIES = YES;
				BUNDLE_LOADER = "$(TEST_HOST)";
				CODE_SIGN_STYLE = Automatic;
				INFOPLIST_FILE = GitHubAPITests/Info.plist;
				IPHONEOS_DEPLOYMENT_TARGET = 13.6;
				LD_RUNPATH_SEARCH_PATHS = (
					"$(inherited)",
					"@executable_path/Frameworks",
					"@loader_path/Frameworks",
				);
				PRODUCT_BUNDLE_IDENTIFIER = com.xcode.GitHubAPITests;
				PRODUCT_NAME = "$(TARGET_NAME)";
				SWIFT_VERSION = 5.0;
				TARGETED_DEVICE_FAMILY = "1,2";
				TEST_HOST = "$(BUILT_PRODUCTS_DIR)/GitHubAPI.app/GitHubAPI";
			};
			name = Release;
		};
		3059CE3124EAE213009FEC03 /* Debug */ = {
			isa = XCBuildConfiguration;
			baseConfigurationReference = 69CEFF412BEDB9568EAD86E7 /* Pods-GitHubAPI-GitHubAPIUITests.debug.xcconfig */;
			buildSettings = {
				ALWAYS_EMBED_SWIFT_STANDARD_LIBRARIES = YES;
				CODE_SIGN_STYLE = Automatic;
				INFOPLIST_FILE = GitHubAPIUITests/Info.plist;
				LD_RUNPATH_SEARCH_PATHS = (
					"$(inherited)",
					"@executable_path/Frameworks",
					"@loader_path/Frameworks",
				);
				PRODUCT_BUNDLE_IDENTIFIER = com.xcode.GitHubAPIUITests;
				PRODUCT_NAME = "$(TARGET_NAME)";
				SWIFT_VERSION = 5.0;
				TARGETED_DEVICE_FAMILY = "1,2";
				TEST_TARGET_NAME = GitHubAPI;
			};
			name = Debug;
		};
		3059CE3224EAE213009FEC03 /* Release */ = {
			isa = XCBuildConfiguration;
			baseConfigurationReference = A9E2EA5F82F973FC8E5D6275 /* Pods-GitHubAPI-GitHubAPIUITests.release.xcconfig */;
			buildSettings = {
				ALWAYS_EMBED_SWIFT_STANDARD_LIBRARIES = YES;
				CODE_SIGN_STYLE = Automatic;
				INFOPLIST_FILE = GitHubAPIUITests/Info.plist;
				LD_RUNPATH_SEARCH_PATHS = (
					"$(inherited)",
					"@executable_path/Frameworks",
					"@loader_path/Frameworks",
				);
				PRODUCT_BUNDLE_IDENTIFIER = com.xcode.GitHubAPIUITests;
				PRODUCT_NAME = "$(TARGET_NAME)";
				SWIFT_VERSION = 5.0;
				TARGETED_DEVICE_FAMILY = "1,2";
				TEST_TARGET_NAME = GitHubAPI;
			};
			name = Release;
		};
/* End XCBuildConfiguration section */

/* Begin XCConfigurationList section */
		3059CDF824EAE20F009FEC03 /* Build configuration list for PBXProject "GitHubAPI" */ = {
			isa = XCConfigurationList;
			buildConfigurations = (
				3059CE2824EAE213009FEC03 /* Debug */,
				3059CE2924EAE213009FEC03 /* Release */,
			);
			defaultConfigurationIsVisible = 0;
			defaultConfigurationName = Release;
		};
		3059CE2A24EAE213009FEC03 /* Build configuration list for PBXNativeTarget "GitHubAPI" */ = {
			isa = XCConfigurationList;
			buildConfigurations = (
				3059CE2B24EAE213009FEC03 /* Debug */,
				3059CE2C24EAE213009FEC03 /* Release */,
			);
			defaultConfigurationIsVisible = 0;
			defaultConfigurationName = Release;
		};
		3059CE2D24EAE213009FEC03 /* Build configuration list for PBXNativeTarget "GitHubAPITests" */ = {
			isa = XCConfigurationList;
			buildConfigurations = (
				3059CE2E24EAE213009FEC03 /* Debug */,
				3059CE2F24EAE213009FEC03 /* Release */,
			);
			defaultConfigurationIsVisible = 0;
			defaultConfigurationName = Release;
		};
		3059CE3024EAE213009FEC03 /* Build configuration list for PBXNativeTarget "GitHubAPIUITests" */ = {
			isa = XCConfigurationList;
			buildConfigurations = (
				3059CE3124EAE213009FEC03 /* Debug */,
				3059CE3224EAE213009FEC03 /* Release */,
			);
			defaultConfigurationIsVisible = 0;
			defaultConfigurationName = Release;
		};
/* End XCConfigurationList section */

/* Begin XCVersionGroup section */
		3059CE0924EAE20F009FEC03 /* GitHubAPI.xcdatamodeld */ = {
			isa = XCVersionGroup;
			children = (
				3059CE0A24EAE20F009FEC03 /* GitHubAPI.xcdatamodel */,
			);
			currentVersion = 3059CE0A24EAE20F009FEC03 /* GitHubAPI.xcdatamodel */;
			path = GitHubAPI.xcdatamodeld;
			sourceTree = "<group>";
			versionGroupType = wrapper.xcdatamodel;
		};
/* End XCVersionGroup section */
	};
	rootObject = 3059CDF524EAE20F009FEC03 /* Project object */;
}
